
Microsoft Visual Studio Solution File, Format Version 12.00
# Visual Studio Version 16
VisualStudioVersion = 16.0.29215.179
MinimumVisualStudioVersion = 10.0.40219.1
Project("{FAE04EC0-301F-11D3-BF4B-00C04F79EFBC}") = "mvcPhone", "mvcPhone\mvcPhone.csproj", "{3B3AF4EF-677F-400C-AB60-16650CBCF0F2}"
EndProject
Project("{FAE04EC0-301F-11D3-BF4B-00C04F79EFBC}") = "apiPhone", "apiPhone\apiPhone.csproj", "{8D923F18-1E0E-4049-AC9B-58A54667A69E}"
EndProject
Global
	GlobalSection(SolutionConfigurationPlatforms) = preSolution
		Debug|Any CPU = Debug|Any CPU
		Release|Any CPU = Release|Any CPU
	EndGlobalSection
	GlobalSection(ProjectConfigurationPlatforms) = postSolution
		{3B3AF4EF-677F-400C-AB60-16650CBCF0F2}.Debug|Any CPU.ActiveCfg = Debug|Any CPU
		{3B3AF4EF-677F-400C-AB60-16650CBCF0F2}.Debug|Any CPU.Build.0 = Debug|Any CPU
		{3B3AF4EF-677F-400C-AB60-16650CBCF0F2}.Release|Any CPU.ActiveCfg = Release|Any CPU
		{3B3AF4EF-677F-400C-AB60-16650CBCF0F2}.Release|Any CPU.Build.0 = Release|Any CPU
		{8D923F18-1E0E-4049-AC9B-58A54667A69E}.Debug|Any CPU.ActiveCfg = Debug|Any CPU
		{8D923F18-1E0E-4049-AC9B-58A54667A69E}.Debug|Any CPU.Build.0 = Debug|Any CPU
		{8D923F18-1E0E-4049-AC9B-58A54667A69E}.Release|Any CPU.ActiveCfg = Release|Any CPU
		{8D923F18-1E0E-4049-AC9B-58A54667A69E}.Release|Any CPU.Build.0 = Release|Any CPU
	EndGlobalSection
	GlobalSection(SolutionProperties) = preSolution
		HideSolutionNode = FALSE
	EndGlobalSection
	GlobalSection(ExtensibilityGlobals) = postSolution
		SolutionGuid = {6C1CEB60-DA18-41C6-B960-E2BF07549F46}
	EndGlobalSection
EndGlobal
